
Microsoft Visual Studio Solution File, Format Version 12.00
# Visual Studio Version 17
VisualStudioVersion = 17.0.31903.59
MinimumVisualStudioVersion = 10.0.40219.1
Project("{2150E333-8FDC-42A3-9474-1A3956D46DE8}") = "src", "src", "{4A226629-39D8-4516-87D5-E56947720E4E}"
EndProject
Project("{9A19103F-16F7-4668-BE54-9A1E7A4F7556}") = "Calculator", "src\Calculator\Calculator.csproj", "{A61B5898-5E21-4544-8179-2FA188126849}"
EndProject
Project("{2150E333-8FDC-42A3-9474-1A3956D46DE8}") = "Solution Items", "Solution Items", "{039F11D3-DE33-48F0-BFC0-C515C9ADE674}"
	ProjectSection(SolutionItems) = preProject
		.gitignore = .gitignore
	EndProjectSection
EndProject
Project("{2150E333-8FDC-42A3-9474-1A3956D46DE8}") = "test", "test", "{46A105C5-6B93-4120-B6C3-3F0DDA7FDE27}"
EndProject
Project("{FAE04EC0-301F-11D3-BF4B-00C04F79EFBC}") = "Calculator.Tests", "test\Calculator.Tests\Calculator.Tests.csproj", "{446F9A63-930B-434E-84E4-AEC84791E585}"
EndProject
Global
	GlobalSection(SolutionConfigurationPlatforms) = preSolution
		Debug|Any CPU = Debug|Any CPU
		Release|Any CPU = Release|Any CPU
	EndGlobalSection
	GlobalSection(ProjectConfigurationPlatforms) = postSolution
		{A61B5898-5E21-4544-8179-2FA188126849}.Debug|Any CPU.ActiveCfg = Debug|Any CPU
		{A61B5898-5E21-4544-8179-2FA188126849}.Debug|Any CPU.Build.0 = Debug|Any CPU
		{A61B5898-5E21-4544-8179-2FA188126849}.Release|Any CPU.ActiveCfg = Release|Any CPU
		{A61B5898-5E21-4544-8179-2FA188126849}.Release|Any CPU.Build.0 = Release|Any CPU
		{446F9A63-930B-434E-84E4-AEC84791E585}.Debug|Any CPU.ActiveCfg = Debug|Any CPU
		{446F9A63-930B-434E-84E4-AEC84791E585}.Debug|Any CPU.Build.0 = Debug|Any CPU
		{446F9A63-930B-434E-84E4-AEC84791E585}.Release|Any CPU.ActiveCfg = Release|Any CPU
		{446F9A63-930B-434E-84E4-AEC84791E585}.Release|Any CPU.Build.0 = Release|Any CPU
	EndGlobalSection
	GlobalSection(SolutionProperties) = preSolution
		HideSolutionNode = FALSE
	EndGlobalSection
	GlobalSection(NestedProjects) = preSolution
		{A61B5898-5E21-4544-8179-2FA188126849} = {4A226629-39D8-4516-87D5-E56947720E4E}
		{446F9A63-930B-434E-84E4-AEC84791E585} = {46A105C5-6B93-4120-B6C3-3F0DDA7FDE27}
	EndGlobalSection
	GlobalSection(ExtensibilityGlobals) = postSolution
		SolutionGuid = {79B6C828-CA17-45F2-B65F-9E5885CCEB17}
	EndGlobalSection
EndGlobal
